
Microsoft Visual Studio Solution File, Format Version 12.00
# Visual Studio 15
VisualStudioVersion = 15.0.28010.2046
MinimumVisualStudioVersion = 10.0.40219.1
Project("{FAE04EC0-301F-11D3-BF4B-00C04F79EFBC}") = "OrderManagement.API", "OrderManagement.API\OrderManagement.API.csproj", "{41A90FA2-C789-40BA-A808-3E299A4C79D2}"
EndProject
Project("{FAE04EC0-301F-11D3-BF4B-00C04F79EFBC}") = "OrderManagement.DataAccess", "OrderManagement.DataAccess\OrderManagement.DataAccess.csproj", "{9788920D-50F7-4497-9FC9-409995D56479}"
EndProject
Project("{FAE04EC0-301F-11D3-BF4B-00C04F79EFBC}") = "OrderManagement.Business", "OrderManagement.Business\OrderManagement.Business.csproj", "{3DE3D3F4-9CCA-42EB-84DB-03B16F37740D}"
EndProject
Global
	GlobalSection(SolutionConfigurationPlatforms) = preSolution
		Debug|Any CPU = Debug|Any CPU
		Release|Any CPU = Release|Any CPU
	EndGlobalSection
	GlobalSection(ProjectConfigurationPlatforms) = postSolution
		{41A90FA2-C789-40BA-A808-3E299A4C79D2}.Debug|Any CPU.ActiveCfg = Debug|Any CPU
		{41A90FA2-C789-40BA-A808-3E299A4C79D2}.Debug|Any CPU.Build.0 = Debug|Any CPU
		{41A90FA2-C789-40BA-A808-3E299A4C79D2}.Release|Any CPU.ActiveCfg = Release|Any CPU
		{41A90FA2-C789-40BA-A808-3E299A4C79D2}.Release|Any CPU.Build.0 = Release|Any CPU
		{9788920D-50F7-4497-9FC9-409995D56479}.Debug|Any CPU.ActiveCfg = Debug|Any CPU
		{9788920D-50F7-4497-9FC9-409995D56479}.Debug|Any CPU.Build.0 = Debug|Any CPU
		{9788920D-50F7-4497-9FC9-409995D56479}.Release|Any CPU.ActiveCfg = Release|Any CPU
		{9788920D-50F7-4497-9FC9-409995D56479}.Release|Any CPU.Build.0 = Release|Any CPU
		{3DE3D3F4-9CCA-42EB-84DB-03B16F37740D}.Debug|Any CPU.ActiveCfg = Debug|Any CPU
		{3DE3D3F4-9CCA-42EB-84DB-03B16F37740D}.Debug|Any CPU.Build.0 = Debug|Any CPU
		{3DE3D3F4-9CCA-42EB-84DB-03B16F37740D}.Release|Any CPU.ActiveCfg = Release|Any CPU
		{3DE3D3F4-9CCA-42EB-84DB-03B16F37740D}.Release|Any CPU.Build.0 = Release|Any CPU
	EndGlobalSection
	GlobalSection(SolutionProperties) = preSolution
		HideSolutionNode = FALSE
	EndGlobalSection
	GlobalSection(ExtensibilityGlobals) = postSolution
		SolutionGuid = {73610484-BFCD-41D4-B2B3-762834F15CE5}
	EndGlobalSection
EndGlobal
